
Microsoft Visual Studio Solution File, Format Version 12.00
# Visual Studio Version 17
VisualStudioVersion = 17.4.33213.308
MinimumVisualStudioVersion = 10.0.40219.1
Project("{FAE04EC0-301F-11D3-BF4B-00C04F79EFBC}") = "Api_cartao", "Api_cartao\Api_cartao.csproj", "{C97E2490-37A8-4D94-B23E-9D3C9AFEAA3D}"
EndProject
Global
	GlobalSection(SolutionConfigurationPlatforms) = preSolution
		Debug|Any CPU = Debug|Any CPU
		Release|Any CPU = Release|Any CPU
	EndGlobalSection
	GlobalSection(ProjectConfigurationPlatforms) = postSolution
		{C97E2490-37A8-4D94-B23E-9D3C9AFEAA3D}.Debug|Any CPU.ActiveCfg = Debug|Any CPU
		{C97E2490-37A8-4D94-B23E-9D3C9AFEAA3D}.Debug|Any CPU.Build.0 = Debug|Any CPU
		{C97E2490-37A8-4D94-B23E-9D3C9AFEAA3D}.Release|Any CPU.ActiveCfg = Release|Any CPU
		{C97E2490-37A8-4D94-B23E-9D3C9AFEAA3D}.Release|Any CPU.Build.0 = Release|Any CPU
	EndGlobalSection
	GlobalSection(SolutionProperties) = preSolution
		HideSolutionNode = FALSE
	EndGlobalSection
	GlobalSection(ExtensibilityGlobals) = postSolution
		SolutionGuid = {6DEEFDFA-3269-494F-BBDF-8684A3996BB0}
	EndGlobalSection
EndGlobal
